
Microsoft Visual Studio Solution File, Format Version 12.00
# Visual Studio Version 17
VisualStudioVersion = 17.5.33424.131
MinimumVisualStudioVersion = 10.0.40219.1
Project("{9A19103F-16F7-4668-BE54-9A1E7A4F7556}") = "Wpf.Windows.ControlBox", "Wpf.Windows.ControlBox.csproj", "{B98B632F-6E16-432D-AE4D-0C74F70D9F19}"
EndProject
Global
	GlobalSection(SolutionConfigurationPlatforms) = preSolution
		Debug|Any CPU = Debug|Any CPU
		Release|Any CPU = Release|Any CPU
	EndGlobalSection
	GlobalSection(ProjectConfigurationPlatforms) = postSolution
		{B98B632F-6E16-432D-AE4D-0C74F70D9F19}.Debug|Any CPU.ActiveCfg = Debug|Any CPU
		{B98B632F-6E16-432D-AE4D-0C74F70D9F19}.Debug|Any CPU.Build.0 = Debug|Any CPU
		{B98B632F-6E16-432D-AE4D-0C74F70D9F19}.Release|Any CPU.ActiveCfg = Release|Any CPU
		{B98B632F-6E16-432D-AE4D-0C74F70D9F19}.Release|Any CPU.Build.0 = Release|Any CPU
	EndGlobalSection
	GlobalSection(SolutionProperties) = preSolution
		HideSolutionNode = FALSE
	EndGlobalSection
	GlobalSection(ExtensibilityGlobals) = postSolution
		SolutionGuid = {EEAFF3FD-3962-412A-8C0B-81A92FBA4664}
	EndGlobalSection
EndGlobal
